
Microsoft Visual Studio Solution File, Format Version 12.00
# Visual Studio 15
VisualStudioVersion = 15.0.28307.1022
MinimumVisualStudioVersion = 10.0.40219.1
Project("{FAE04EC0-301F-11D3-BF4B-00C04F79EFBC}") = "Laba2", "Laba2.csproj", "{8BD5E654-DFD3-4930-9B25-13E792B7637D}"
EndProject
Project("{FAE04EC0-301F-11D3-BF4B-00C04F79EFBC}") = "UnitTestProject2", "UnitTestProject2\UnitTestProject2.csproj", "{78F0BCAF-F7F7-49FE-BBE8-513319386192}"
EndProject
Global
	GlobalSection(SolutionConfigurationPlatforms) = preSolution
		Debug|Any CPU = Debug|Any CPU
		Release|Any CPU = Release|Any CPU
	EndGlobalSection
	GlobalSection(ProjectConfigurationPlatforms) = postSolution
		{8BD5E654-DFD3-4930-9B25-13E792B7637D}.Debug|Any CPU.ActiveCfg = Debug|Any CPU
		{8BD5E654-DFD3-4930-9B25-13E792B7637D}.Debug|Any CPU.Build.0 = Debug|Any CPU
		{8BD5E654-DFD3-4930-9B25-13E792B7637D}.Release|Any CPU.ActiveCfg = Release|Any CPU
		{8BD5E654-DFD3-4930-9B25-13E792B7637D}.Release|Any CPU.Build.0 = Release|Any CPU
		{78F0BCAF-F7F7-49FE-BBE8-513319386192}.Debug|Any CPU.ActiveCfg = Debug|Any CPU
		{78F0BCAF-F7F7-49FE-BBE8-513319386192}.Debug|Any CPU.Build.0 = Debug|Any CPU
		{78F0BCAF-F7F7-49FE-BBE8-513319386192}.Release|Any CPU.ActiveCfg = Release|Any CPU
		{78F0BCAF-F7F7-49FE-BBE8-513319386192}.Release|Any CPU.Build.0 = Release|Any CPU
	EndGlobalSection
	GlobalSection(SolutionProperties) = preSolution
		HideSolutionNode = FALSE
	EndGlobalSection
	GlobalSection(ExtensibilityGlobals) = postSolution
		SolutionGuid = {B62F9EED-5D81-4B7E-BBB7-8DEFFBF34424}
	EndGlobalSection
EndGlobal
